// !$*UTF8*$!
{
	archiveVersion = 1;
	classes = {
	};
	objectVersion = 50;
	objects = {

/* Begin PBXBuildFile section */
		FC1F1A32271B5A8A008349FB /* AppDelegate.swift in Sources */ = {isa = PBXBuildFile; fileRef = FC1F1A31271B5A8A008349FB /* AppDelegate.swift */; };
		FC1F1A34271B5A8A008349FB /* SceneDelegate.swift in Sources */ = {isa = PBXBuildFile; fileRef = FC1F1A33271B5A8A008349FB /* SceneDelegate.swift */; };
		FC1F1A36271B5A8A008349FB /* ViewController.swift in Sources */ = {isa = PBXBuildFile; fileRef = FC1F1A35271B5A8A008349FB /* ViewController.swift */; };
		FC1F1A39271B5A8B008349FB /* Main.storyboard in Resources */ = {isa = PBXBuildFile; fileRef = FC1F1A37271B5A8B008349FB /* Main.storyboard */; };
		FC1F1A3B271B5A9C008349FB /* Assets.xcassets in Resources */ = {isa = PBXBuildFile; fileRef = FC1F1A3A271B5A9C008349FB /* Assets.xcassets */; };
		FC1F1A3E271B5A9C008349FB /* LaunchScreen.storyboard in Resources */ = {isa = PBXBuildFile; fileRef = FC1F1A3C271B5A9C008349FB /* LaunchScreen.storyboard */; };
		FC1F1A49271B5A9D008349FB /* chd_classifierTests.swift in Sources */ = {isa = PBXBuildFile; fileRef = FC1F1A48271B5A9D008349FB /* chd_classifierTests.swift */; };
		FC1F1A54271B5A9D008349FB /* chd_classifierUITests.swift in Sources */ = {isa = PBXBuildFile; fileRef = FC1F1A53271B5A9D008349FB /* chd_classifierUITests.swift */; };
		FC1F1A65271B5C3D008349FB /* CHD_Model.mlmodel in Sources */ = {isa = PBXBuildFile; fileRef = FC1F1A64271B5C3D008349FB /* CHD_Model.mlmodel */; };
/* End PBXBuildFile section */

/* Begin PBXContainerItemProxy section */
		FC1F1A45271B5A9D008349FB /* PBXContainerItemProxy */ = {
			isa = PBXContainerItemProxy;
			containerPortal = FC1F1A26271B5A8A008349FB /* Project object */;
			proxyType = 1;
			remoteGlobalIDString = FC1F1A2D271B5A8A008349FB;
			remoteInfo = chd_classifier;
		};
		FC1F1A50271B5A9D008349FB /* PBXContainerItemProxy */ = {
			isa = PBXContainerItemProxy;
			containerPortal = FC1F1A26271B5A8A008349FB /* Project object */;
			proxyType = 1;
			remoteGlobalIDString = FC1F1A2D271B5A8A008349FB;
			remoteInfo = chd_classifier;
		};
/* End PBXContainerItemProxy section */

/* Begin PBXFileReference section */
		FC1F1A2E271B5A8A008349FB /* chd_classifier.app */ = {isa = PBXFileReference; explicitFileType = wrapper.application; includeInIndex = 0; path = chd_classifier.app; sourceTree = BUILT_PRODUCTS_DIR; };
		FC1F1A31271B5A8A008349FB /* AppDelegate.swift */ = {isa = PBXFileReference; lastKnownFileType = sourcecode.swift; path = AppDelegate.swift; sourceTree = "<group>"; };
		FC1F1A33271B5A8A008349FB /* SceneDelegate.swift */ = {isa = PBXFileReference; lastKnownFileType = sourcecode.swift; path = SceneDelegate.swift; sourceTree = "<group>"; };
		FC1F1A35271B5A8A008349FB /* ViewController.swift */ = {isa = PBXFileReference; lastKnownFileType = sourcecode.swift; path = ViewController.swift; sourceTree = "<group>"; };
		FC1F1A38271B5A8B008349FB /* Base */ = {isa = PBXFileReference; lastKnownFileType = file.storyboard; name = Base; path = Base.lproj/Main.storyboard; sourceTree = "<group>"; };
		FC1F1A3A271B5A9C008349FB /* Assets.xcassets */ = {isa = PBXFileReference; lastKnownFileType = folder.assetcatalog; path = Assets.xcassets; sourceTree = "<group>"; };
		FC1F1A3D271B5A9C008349FB /* Base */ = {isa = PBXFileReference; lastKnownFileType = file.storyboard; name = Base; path = Base.lproj/LaunchScreen.storyboard; sourceTree = "<group>"; };
		FC1F1A3F271B5A9C008349FB /* Info.plist */ = {isa = PBXFileReference; lastKnownFileType = text.plist.xml; path = Info.plist; sourceTree = "<group>"; };
		FC1F1A44271B5A9D008349FB /* chd_classifierTests.xctest */ = {isa = PBXFileReference; explicitFileType = wrapper.cfbundle; includeInIndex = 0; path = chd_classifierTests.xctest; sourceTree = BUILT_PRODUCTS_DIR; };
		FC1F1A48271B5A9D008349FB /* chd_classifierTests.swift */ = {isa = PBXFileReference; lastKnownFileType = sourcecode.swift; path = chd_classifierTests.swift; sourceTree = "<group>"; };
		FC1F1A4A271B5A9D008349FB /* Info.plist */ = {isa = PBXFileReference; lastKnownFileType = text.plist.xml; path = Info.plist; sourceTree = "<group>"; };
		FC1F1A4F271B5A9D008349FB /* chd_classifierUITests.xctest */ = {isa = PBXFileReference; explicitFileType = wrapper.cfbundle; includeInIndex = 0; path = chd_classifierUITests.xctest; sourceTree = BUILT_PRODUCTS_DIR; };
		FC1F1A53271B5A9D008349FB /* chd_classifierUITests.swift */ = {isa = PBXFileReference; lastKnownFileType = sourcecode.swift; path = chd_classifierUITests.swift; sourceTree = "<group>"; };
		FC1F1A55271B5A9D008349FB /* Info.plist */ = {isa = PBXFileReference; lastKnownFileType = text.plist.xml; path = Info.plist; sourceTree = "<group>"; };
		FC1F1A64271B5C3D008349FB /* CHD_Model.mlmodel */ = {isa = PBXFileReference; lastKnownFileType = file.mlmodel; path = CHD_Model.mlmodel; sourceTree = "<group>"; };
/* End PBXFileReference section */

/* Begin PBXFrameworksBuildPhase section */
		FC1F1A2B271B5A8A008349FB /* Frameworks */ = {
			isa = PBXFrameworksBuildPhase;
			buildActionMask = 2147483647;
			files = (
			);
			runOnlyForDeploymentPostprocessing = 0;
		};
		FC1F1A41271B5A9D008349FB /* Frameworks */ = {
			isa = PBXFrameworksBuildPhase;
			buildActionMask = 2147483647;
			files = (
			);
			runOnlyForDeploymentPostprocessing = 0;
		};
		FC1F1A4C271B5A9D008349FB /* Frameworks */ = {
			isa = PBXFrameworksBuildPhase;
			buildActionMask = 2147483647;
			files = (
			);
			runOnlyForDeploymentPostprocessing = 0;
		};
/* End PBXFrameworksBuildPhase section */

/* Begin PBXGroup section */
		FC1F1A25271B5A8A008349FB = {
			isa = PBXGroup;
			children = (
				FC1F1A30271B5A8A008349FB /* chd_classifier */,
				FC1F1A47271B5A9D008349FB /* chd_classifierTests */,
				FC1F1A52271B5A9D008349FB /* chd_classifierUITests */,
				FC1F1A2F271B5A8A008349FB /* Products */,
			);
			sourceTree = "<group>";
		};
		FC1F1A2F271B5A8A008349FB /* Products */ = {
			isa = PBXGroup;
			children = (
				FC1F1A2E271B5A8A008349FB /* chd_classifier.app */,
				FC1F1A44271B5A9D008349FB /* chd_classifierTests.xctest */,
				FC1F1A4F271B5A9D008349FB /* chd_classifierUITests.xctest */,
			);
			name = Products;
			sourceTree = "<group>";
		};
		FC1F1A30271B5A8A008349FB /* chd_classifier */ = {
			isa = PBXGroup;
			children = (
				FC1F1A64271B5C3D008349FB /* CHD_Model.mlmodel */,
				FC1F1A31271B5A8A008349FB /* AppDelegate.swift */,
				FC1F1A33271B5A8A008349FB /* SceneDelegate.swift */,
				FC1F1A35271B5A8A008349FB /* ViewController.swift */,
				FC1F1A37271B5A8B008349FB /* Main.storyboard */,
				FC1F1A3A271B5A9C008349FB /* Assets.xcassets */,
				FC1F1A3C271B5A9C008349FB /* LaunchScreen.storyboard */,
				FC1F1A3F271B5A9C008349FB /* Info.plist */,
			);
			path = chd_classifier;
			sourceTree = "<group>";
		};
		FC1F1A47271B5A9D008349FB /* chd_classifierTests */ = {
			isa = PBXGroup;
			children = (
				FC1F1A48271B5A9D008349FB /* chd_classifierTests.swift */,
				FC1F1A4A271B5A9D008349FB /* Info.plist */,
			);
			path = chd_classifierTests;
			sourceTree = "<group>";
		};
		FC1F1A52271B5A9D008349FB /* chd_classifierUITests */ = {
			isa = PBXGroup;
			children = (
				FC1F1A53271B5A9D008349FB /* chd_classifierUITests.swift */,
				FC1F1A55271B5A9D008349FB /* Info.plist */,
			);
			path = chd_classifierUITests;
			sourceTree = "<group>";
		};
/* End PBXGroup section */

/* Begin PBXNativeTarget section */
		FC1F1A2D271B5A8A008349FB /* chd_classifier */ = {
			isa = PBXNativeTarget;
			buildConfigurationList = FC1F1A58271B5A9D008349FB /* Build configuration list for PBXNativeTarget "chd_classifier" */;
			buildPhases = (
				FC1F1A2A271B5A8A008349FB /* Sources */,
				FC1F1A2B271B5A8A008349FB /* Frameworks */,
				FC1F1A2C271B5A8A008349FB /* Resources */,
			);
			buildRules = (
			);
			dependencies = (
			);
			name = chd_classifier;
			productName = chd_classifier;
			productReference = FC1F1A2E271B5A8A008349FB /* chd_classifier.app */;
			productType = "com.apple.product-type.application";
		};
		FC1F1A43271B5A9D008349FB /* chd_classifierTests */ = {
			isa = PBXNativeTarget;
			buildConfigurationList = FC1F1A5B271B5A9D008349FB /* Build configuration list for PBXNativeTarget "chd_classifierTests" */;
			buildPhases = (
				FC1F1A40271B5A9D008349FB /* Sources */,
				FC1F1A41271B5A9D008349FB /* Frameworks */,
				FC1F1A42271B5A9D008349FB /* Resources */,
			);
			buildRules = (
			);
			dependencies = (
				FC1F1A46271B5A9D008349FB /* PBXTargetDependency */,
			);
			name = chd_classifierTests;
			productName = chd_classifierTests;
			productReference = FC1F1A44271B5A9D008349FB /* chd_classifierTests.xctest */;
			productType = "com.apple.product-type.bundle.unit-test";
		};
		FC1F1A4E271B5A9D008349FB /* chd_classifierUITests */ = {
			isa = PBXNativeTarget;
			buildConfigurationList = FC1F1A5E271B5A9D008349FB /* Build configuration list for PBXNativeTarget "chd_classifierUITests" */;
			buildPhases = (
				FC1F1A4B271B5A9D008349FB /* Sources */,
				FC1F1A4C271B5A9D008349FB /* Frameworks */,
				FC1F1A4D271B5A9D008349FB /* Resources */,
			);
			buildRules = (
			);
			dependencies = (
				FC1F1A51271B5A9D008349FB /* PBXTargetDependency */,
			);
			name = chd_classifierUITests;
			productName = chd_classifierUITests;
			productReference = FC1F1A4F271B5A9D008349FB /* chd_classifierUITests.xctest */;
			productType = "com.apple.product-type.bundle.ui-testing";
		};
/* End PBXNativeTarget section */

/* Begin PBXProject section */
		FC1F1A26271B5A8A008349FB /* Project object */ = {
			isa = PBXProject;
			attributes = {
				LastSwiftUpdateCheck = 1240;
				LastUpgradeCheck = 1240;
				TargetAttributes = {
					FC1F1A2D271B5A8A008349FB = {
						CreatedOnToolsVersion = 12.4;
					};
					FC1F1A43271B5A9D008349FB = {
						CreatedOnToolsVersion = 12.4;
						TestTargetID = FC1F1A2D271B5A8A008349FB;
					};
					FC1F1A4E271B5A9D008349FB = {
						CreatedOnToolsVersion = 12.4;
						TestTargetID = FC1F1A2D271B5A8A008349FB;
					};
				};
			};
			buildConfigurationList = FC1F1A29271B5A8A008349FB /* Build configuration list for PBXProject "chd_classifier" */;
			compatibilityVersion = "Xcode 9.3";
			developmentRegion = en;
			hasScannedForEncodings = 0;
			knownRegions = (
				en,
				Base,
			);
			mainGroup = FC1F1A25271B5A8A008349FB;
			productRefGroup = FC1F1A2F271B5A8A008349FB /* Products */;
			projectDirPath = "";
			projectRoot = "";
			targets = (
				FC1F1A2D271B5A8A008349FB /* chd_classifier */,
				FC1F1A43271B5A9D008349FB /* chd_classifierTests */,
				FC1F1A4E271B5A9D008349FB /* chd_classifierUITests */,
			);
		};
/* End PBXProject section */

/* Begin PBXResourcesBuildPhase section */
		FC1F1A2C271B5A8A008349FB /* Resources */ = {
			isa = PBXResourcesBuildPhase;
			buildActionMask = 2147483647;
			files = (
				FC1F1A3E271B5A9C008349FB /* LaunchScreen.storyboard in Resources */,
				FC1F1A3B271B5A9C008349FB /* Assets.xcassets in Resources */,
				FC1F1A39271B5A8B008349FB /* Main.storyboard in Resources */,
			);
			runOnlyForDeploymentPostprocessing = 0;
		};
		FC1F1A42271B5A9D008349FB /* Resources */ = {
			isa = PBXResourcesBuildPhase;
			buildActionMask = 2147483647;
			files = (
			);
			runOnlyForDeploymentPostprocessing = 0;
		};
		FC1F1A4D271B5A9D008349FB /* Resources */ = {
			isa = PBXResourcesBuildPhase;
			buildActionMask = 2147483647;
			files = (
			);
			runOnlyForDeploymentPostprocessing = 0;
		};
/* End PBXResourcesBuildPhase section */

/* Begin PBXSourcesBuildPhase section */
		FC1F1A2A271B5A8A008349FB /* Sources */ = {
			isa = PBXSourcesBuildPhase;
			buildActionMask = 2147483647;
			files = (
				FC1F1A65271B5C3D008349FB /* CHD_Model.mlmodel in Sources */,
				FC1F1A36271B5A8A008349FB /* ViewController.swift in Sources */,
				FC1F1A32271B5A8A008349FB /* AppDelegate.swift in Sources */,
				FC1F1A34271B5A8A008349FB /* SceneDelegate.swift in Sources */,
			);
			runOnlyForDeploymentPostprocessing = 0;
		};
		FC1F1A40271B5A9D008349FB /* Sources */ = {
			isa = PBXSourcesBuildPhase;
			buildActionMask = 2147483647;
			files = (
				FC1F1A49271B5A9D008349FB /* chd_classifierTests.swift in Sources */,
			);
			runOnlyForDeploymentPostprocessing = 0;
		};
		FC1F1A4B271B5A9D008349FB /* Sources */ = {
			isa = PBXSourcesBuildPhase;
			buildActionMask = 2147483647;
			files = (
				FC1F1A54271B5A9D008349FB /* chd_classifierUITests.swift in Sources */,
			);
			runOnlyForDeploymentPostprocessing = 0;
		};
/* End PBXSourcesBuildPhase section */

/* Begin PBXTargetDependency section */
		FC1F1A46271B5A9D008349FB /* PBXTargetDependency */ = {
			isa = PBXTargetDependency;
			target = FC1F1A2D271B5A8A008349FB /* chd_classifier */;
			targetProxy = FC1F1A45271B5A9D008349FB /* PBXContainerItemProxy */;
		};
		FC1F1A51271B5A9D008349FB /* PBXTargetDependency */ = {
			isa = PBXTargetDependency;
			target = FC1F1A2D271B5A8A008349FB /* chd_classifier */;
			targetProxy = FC1F1A50271B5A9D008349FB /* PBXContainerItemProxy */;
		};
/* End PBXTargetDependency section */

/* Begin PBXVariantGroup section */
		FC1F1A37271B5A8B008349FB /* Main.storyboard */ = {
			isa = PBXVariantGroup;
			children = (
				FC1F1A38271B5A8B008349FB /* Base */,
			);
			name = Main.storyboard;
			sourceTree = "<group>";
		};
		FC1F1A3C271B5A9C008349FB /* LaunchScreen.storyboard */ = {
			isa = PBXVariantGroup;
			children = (
				FC1F1A3D271B5A9C008349FB /* Base */,
			);
			name = LaunchScreen.storyboard;
			sourceTree = "<group>";
		};
/* End PBXVariantGroup section */

/* Begin XCBuildConfiguration section */
		FC1F1A56271B5A9D008349FB /* Debug */ = {
			isa = XCBuildConfiguration;
			buildSettings = {
				ALWAYS_SEARCH_USER_PATHS = NO;
				CLANG_ANALYZER_NONNULL = YES;
				CLANG_ANALYZER_NUMBER_OBJECT_CONVERSION = YES_AGGRESSIVE;
				CLANG_CXX_LANGUAGE_STANDARD = "gnu++14";
				CLANG_CXX_LIBRARY = "libc++";
				CLANG_ENABLE_MODULES = YES;
				CLANG_ENABLE_OBJC_ARC = YES;
				CLANG_ENABLE_OBJC_WEAK = YES;
				CLANG_WARN_BLOCK_CAPTURE_AUTORELEASING = YES;
				CLANG_WARN_BOOL_CONVERSION = YES;
				CLANG_WARN_COMMA = YES;
				CLANG_WARN_CONSTANT_CONVERSION = YES;
				CLANG_WARN_DEPRECATED_OBJC_IMPLEMENTATIONS = YES;
				CLANG_WARN_DIRECT_OBJC_ISA_USAGE = YES_ERROR;
				CLANG_WARN_DOCUMENTATION_COMMENTS = YES;
				CLANG_WARN_EMPTY_BODY = YES;
				CLANG_WARN_ENUM_CONVERSION = YES;
				CLANG_WARN_INFINITE_RECURSION = YES;
				CLANG_WARN_INT_CONVERSION = YES;
				CLANG_WARN_NON_LITERAL_NULL_CONVERSION = YES;
				CLANG_WARN_OBJC_IMPLICIT_RETAIN_SELF = YES;
				CLANG_WARN_OBJC_LITERAL_CONVERSION = YES;
				CLANG_WARN_OBJC_ROOT_CLASS = YES_ERROR;
				CLANG_WARN_QUOTED_INCLUDE_IN_FRAMEWORK_HEADER = YES;
				CLANG_WARN_RANGE_LOOP_ANALYSIS = YES;
				CLANG_WARN_STRICT_PROTOTYPES = YES;
				CLANG_WARN_SUSPICIOUS_MOVE = YES;
				CLANG_WARN_UNGUARDED_AVAILABILITY = YES_AGGRESSIVE;
				CLANG_WARN_UNREACHABLE_CODE = YES;
				CLANG_WARN__DUPLICATE_METHOD_MATCH = YES;
				COPY_PHASE_STRIP = NO;
				DEBUG_INFORMATION_FORMAT = dwarf;
				ENABLE_STRICT_OBJC_MSGSEND = YES;
				ENABLE_TESTABILITY = YES;
				GCC_C_LANGUAGE_STANDARD = gnu11;
				GCC_DYNAMIC_NO_PIC = NO;
				GCC_NO_COMMON_BLOCKS = YES;
				GCC_OPTIMIZATION_LEVEL = 0;
				GCC_PREPROCESSOR_DEFINITIONS = (
					"DEBUG=1",
					"$(inherited)",
				);
				GCC_WARN_64_TO_32_BIT_CONVERSION = YES;
				GCC_WARN_ABOUT_RETURN_TYPE = YES_ERROR;
				GCC_WARN_UNDECLARED_SELECTOR = YES;
				GCC_WARN_UNINITIALIZED_AUTOS = YES_AGGRESSIVE;
				GCC_WARN_UNUSED_FUNCTION = YES;
				GCC_WARN_UNUSED_VARIABLE = YES;
				IPHONEOS_DEPLOYMENT_TARGET = 14.4;
				MTL_ENABLE_DEBUG_INFO = INCLUDE_SOURCE;
				MTL_FAST_MATH = YES;
				ONLY_ACTIVE_ARCH = YES;
				SDKROOT = iphoneos;
				SWIFT_ACTIVE_COMPILATION_CONDITIONS = DEBUG;
				SWIFT_OPTIMIZATION_LEVEL = "-Onone";
			};
			name = Debug;
		};
		FC1F1A57271B5A9D008349FB /* Release */ = {
			isa = XCBuildConfiguration;
			buildSettings = {
				ALWAYS_SEARCH_USER_PATHS = NO;
				CLANG_ANALYZER_NONNULL = YES;
				CLANG_ANALYZER_NUMBER_OBJECT_CONVERSION = YES_AGGRESSIVE;
				CLANG_CXX_LANGUAGE_STANDARD = "gnu++14";
				CLANG_CXX_LIBRARY = "libc++";
				CLANG_ENABLE_MODULES = YES;
				CLANG_ENABLE_OBJC_ARC = YES;
				CLANG_ENABLE_OBJC_WEAK = YES;
				CLANG_WARN_BLOCK_CAPTURE_AUTORELEASING = YES;
				CLANG_WARN_BOOL_CONVERSION = YES;
				CLANG_WARN_COMMA = YES;
				CLANG_WARN_CONSTANT_CONVERSION = YES;
				CLANG_WARN_DEPRECATED_OBJC_IMPLEMENTATIONS = YES;
				CLANG_WARN_DIRECT_OBJC_ISA_USAGE = YES_ERROR;
				CLANG_WARN_DOCUMENTATION_COMMENTS = YES;
				CLANG_WARN_EMPTY_BODY = YES;
				CLANG_WARN_ENUM_CONVERSION = YES;
				CLANG_WARN_INFINITE_RECURSION = YES;
				CLANG_WARN_INT_CONVERSION = YES;
				CLANG_WARN_NON_LITERAL_NULL_CONVERSION = YES;
				CLANG_WARN_OBJC_IMPLICIT_RETAIN_SELF = YES;
				CLANG_WARN_OBJC_LITERAL_CONVERSION = YES;
				CLANG_WARN_OBJC_ROOT_CLASS = YES_ERROR;
				CLANG_WARN_QUOTED_INCLUDE_IN_FRAMEWORK_HEADER = YES;
				CLANG_WARN_RANGE_LOOP_ANALYSIS = YES;
				CLANG_WARN_STRICT_PROTOTYPES = YES;
				CLANG_WARN_SUSPICIOUS_MOVE = YES;
				CLANG_WARN_UNGUARDED_AVAILABILITY = YES_AGGRESSIVE;
				CLANG_WARN_UNREACHABLE_CODE = YES;
				CLANG_WARN__DUPLICATE_METHOD_MATCH = YES;
				COPY_PHASE_STRIP = NO;
				DEBUG_INFORMATION_FORMAT = "dwarf-with-dsym";
				ENABLE_NS_ASSERTIONS = NO;
				ENABLE_STRICT_OBJC_MSGSEND = YES;
				GCC_C_LANGUAGE_STANDARD = gnu11;
				GCC_NO_COMMON_BLOCKS = YES;
				GCC_WARN_64_TO_32_BIT_CONVERSION = YES;
				GCC_WARN_ABOUT_RETURN_TYPE = YES_ERROR;
				GCC_WARN_UNDECLARED_SELECTOR = YES;
				GCC_WARN_UNINITIALIZED_AUTOS = YES_AGGRESSIVE;
				GCC_WARN_UNUSED_FUNCTION = YES;
				GCC_WARN_UNUSED_VARIABLE = YES;
				IPHONEOS_DEPLOYMENT_TARGET = 14.4;
				MTL_ENABLE_DEBUG_INFO = NO;
				MTL_FAST_MATH = YES;
				SDKROOT = iphoneos;
				SWIFT_COMPILATION_MODE = wholemodule;
				SWIFT_OPTIMIZATION_LEVEL = "-O";
				VALIDATE_PRODUCT = YES;
			};
			name = Release;
		};
		FC1F1A59271B5A9D008349FB /* Debug */ = {
			isa = XCBuildConfiguration;
			buildSettings = {
				ASSETCATALOG_COMPILER_APPICON_NAME = AppIcon;
				ASSETCATALOG_COMPILER_GLOBAL_ACCENT_COLOR_NAME = AccentColor;
				CODE_SIGN_STYLE = Automatic;
				INFOPLIST_FILE = chd_classifier/Info.plist;
				LD_RUNPATH_SEARCH_PATHS = (
					"$(inherited)",
					"@executable_path/Frameworks",
				);
				PRODUCT_BUNDLE_IDENTIFIER = "com.graph.chd-classifier";
				PRODUCT_NAME = "$(TARGET_NAME)";
				SWIFT_VERSION = 5.0;
				TARGETED_DEVICE_FAMILY = "1,2";
			};
			name = Debug;
		};
		FC1F1A5A271B5A9D008349FB /* Release */ = {
			isa = XCBuildConfiguration;
			buildSettings = {
				ASSETCATALOG_COMPILER_APPICON_NAME = AppIcon;
				ASSETCATALOG_COMPILER_GLOBAL_ACCENT_COLOR_NAME = AccentColor;
				CODE_SIGN_STYLE = Automatic;
				INFOPLIST_FILE = chd_classifier/Info.plist;
				LD_RUNPATH_SEARCH_PATHS = (
					"$(inherited)",
					"@executable_path/Frameworks",
				);
				PRODUCT_BUNDLE_IDENTIFIER = "com.graph.chd-classifier";
				PRODUCT_NAME = "$(TARGET_NAME)";
				SWIFT_VERSION = 5.0;
				TARGETED_DEVICE_FAMILY = "1,2";
			};
			name = Release;
		};
		FC1F1A5C271B5A9D008349FB /* Debug */ = {
			isa = XCBuildConfiguration;
			buildSettings = {
				ALWAYS_EMBED_SWIFT_STANDARD_LIBRARIES = YES;
				BUNDLE_LOADER = "$(TEST_HOST)";
				CODE_SIGN_STYLE = Automatic;
				INFOPLIST_FILE = chd_classifierTests/Info.plist;
				IPHONEOS_DEPLOYMENT_TARGET = 14.4;
				LD_RUNPATH_SEARCH_PATHS = (
					"$(inherited)",
					"@executable_path/Frameworks",
					"@loader_path/Frameworks",
				);
				PRODUCT_BUNDLE_IDENTIFIER = "com.graph.chd-classifierTests";
				PRODUCT_NAME = "$(TARGET_NAME)";
				SWIFT_VERSION = 5.0;
				TARGETED_DEVICE_FAMILY = "1,2";
				TEST_HOST = "$(BUILT_PRODUCTS_DIR)/chd_classifier.app/chd_classifier";
			};
			name = Debug;
		};
		FC1F1A5D271B5A9D008349FB /* Release */ = {
			isa = XCBuildConfiguration;
			buildSettings = {
				ALWAYS_EMBED_SWIFT_STANDARD_LIBRARIES = YES;
				BUNDLE_LOADER = "$(TEST_HOST)";
				CODE_SIGN_STYLE = Automatic;
				INFOPLIST_FILE = chd_classifierTests/Info.plist;
				IPHONEOS_DEPLOYMENT_TARGET = 14.4;
				LD_RUNPATH_SEARCH_PATHS = (
					"$(inherited)",
					"@executable_path/Frameworks",
					"@loader_path/Frameworks",
				);
				PRODUCT_BUNDLE_IDENTIFIER = "com.graph.chd-classifierTests";
				PRODUCT_NAME = "$(TARGET_NAME)";
				SWIFT_VERSION = 5.0;
				TARGETED_DEVICE_FAMILY = "1,2";
				TEST_HOST = "$(BUILT_PRODUCTS_DIR)/chd_classifier.app/chd_classifier";
			};
			name = Release;
		};
		FC1F1A5F271B5A9D008349FB /* Debug */ = {
			isa = XCBuildConfiguration;
			buildSettings = {
				ALWAYS_EMBED_SWIFT_STANDARD_LIBRARIES = YES;
				CODE_SIGN_STYLE = Automatic;
				INFOPLIST_FILE = chd_classifierUITests/Info.plist;
				LD_RUNPATH_SEARCH_PATHS = (
					"$(inherited)",
					"@executable_path/Frameworks",
					"@loader_path/Frameworks",
				);
				PRODUCT_BUNDLE_IDENTIFIER = "com.graph.chd-classifierUITests";
				PRODUCT_NAME = "$(TARGET_NAME)";
				SWIFT_VERSION = 5.0;
				TARGETED_DEVICE_FAMILY = "1,2";
				TEST_TARGET_NAME = chd_classifier;
			};
			name = Debug;
		};
		FC1F1A60271B5A9D008349FB /* Release */ = {
			isa = XCBuildConfiguration;
			buildSettings = {
				ALWAYS_EMBED_SWIFT_STANDARD_LIBRARIES = YES;
				CODE_SIGN_STYLE = Automatic;
				INFOPLIST_FILE = chd_classifierUITests/Info.plist;
				LD_RUNPATH_SEARCH_PATHS = (
					"$(inherited)",
					"@executable_path/Frameworks",
					"@loader_path/Frameworks",
				);
				PRODUCT_BUNDLE_IDENTIFIER = "com.graph.chd-classifierUITests";
				PRODUCT_NAME = "$(TARGET_NAME)";
				SWIFT_VERSION = 5.0;
				TARGETED_DEVICE_FAMILY = "1,2";
				TEST_TARGET_NAME = chd_classifier;
			};
			name = Release;
		};
/* End XCBuildConfiguration section */

/* Begin XCConfigurationList section */
		FC1F1A29271B5A8A008349FB /* Build configuration list for PBXProject "chd_classifier" */ = {
			isa = XCConfigurationList;
			buildConfigurations = (
				FC1F1A56271B5A9D008349FB /* Debug */,
				FC1F1A57271B5A9D008349FB /* Release */,
			);
			defaultConfigurationIsVisible = 0;
			defaultConfigurationName = Release;
		};
		FC1F1A58271B5A9D008349FB /* Build configuration list for PBXNativeTarget "chd_classifier" */ = {
			isa = XCConfigurationList;
			buildConfigurations = (
				FC1F1A59271B5A9D008349FB /* Debug */,
				FC1F1A5A271B5A9D008349FB /* Release */,
			);
			defaultConfigurationIsVisible = 0;
			defaultConfigurationName = Release;
		};
		FC1F1A5B271B5A9D008349FB /* Build configuration list for PBXNativeTarget "chd_classifierTests" */ = {
			isa = XCConfigurationList;
			buildConfigurations = (
				FC1F1A5C271B5A9D008349FB /* Debug */,
				FC1F1A5D271B5A9D008349FB /* Release */,
			);
			defaultConfigurationIsVisible = 0;
			defaultConfigurationName = Release;
		};
		FC1F1A5E271B5A9D008349FB /* Build configuration list for PBXNativeTarget "chd_classifierUITests" */ = {
			isa = XCConfigurationList;
			buildConfigurations = (
				FC1F1A5F271B5A9D008349FB /* Debug */,
				FC1F1A60271B5A9D008349FB /* Release */,
			);
			defaultConfigurationIsVisible = 0;
			defaultConfigurationName = Release;
		};
/* End XCConfigurationList section */
	};
	rootObject = FC1F1A26271B5A8A008349FB /* Project object */;
}
